// !$*UTF8*$!
{
	archiveVersion = 1;
	classes = {
	};
	objectVersion = 56;
	objects = {

/* Begin PBXBuildFile section */
		BF1F023429949B6600F095D8 /* PokemonViewController.swift in Sources */ = {isa = PBXBuildFile; fileRef = BF1F023329949B6600F095D8 /* PokemonViewController.swift */; };
		BF1F023629949CE200F095D8 /* UIViewControllerExtension.swift in Sources */ = {isa = PBXBuildFile; fileRef = BF1F023529949CE200F095D8 /* UIViewControllerExtension.swift */; };
		BF80839F29948E8C0019323F /* AppDelegate.swift in Sources */ = {isa = PBXBuildFile; fileRef = BF80839E29948E8C0019323F /* AppDelegate.swift */; };
		BF8083A129948E8C0019323F /* SceneDelegate.swift in Sources */ = {isa = PBXBuildFile; fileRef = BF8083A029948E8C0019323F /* SceneDelegate.swift */; };
		BF8083A629948E8C0019323F /* Main.storyboard in Resources */ = {isa = PBXBuildFile; fileRef = BF8083A429948E8C0019323F /* Main.storyboard */; };
		BF8083A829948E8D0019323F /* Assets.xcassets in Resources */ = {isa = PBXBuildFile; fileRef = BF8083A729948E8D0019323F /* Assets.xcassets */; };
		BF8083AB29948E8D0019323F /* LaunchScreen.storyboard in Resources */ = {isa = PBXBuildFile; fileRef = BF8083A929948E8D0019323F /* LaunchScreen.storyboard */; };
		BF8083B4299492410019323F /* Pokemon.swift in Sources */ = {isa = PBXBuildFile; fileRef = BF8083B3299492410019323F /* Pokemon.swift */; };
		BF8083B8299493810019323F /* PokemonController.swift in Sources */ = {isa = PBXBuildFile; fileRef = BF8083B7299493810019323F /* PokemonController.swift */; };
		BF8083BB299494A50019323F /* PokemonError.swift in Sources */ = {isa = PBXBuildFile; fileRef = BF8083BA299494A50019323F /* PokemonError.swift */; };
/* End PBXBuildFile section */

/* Begin PBXFileReference section */
		BF1F023329949B6600F095D8 /* PokemonViewController.swift */ = {isa = PBXFileReference; lastKnownFileType = sourcecode.swift; path = PokemonViewController.swift; sourceTree = "<group>"; };
		BF1F023529949CE200F095D8 /* UIViewControllerExtension.swift */ = {isa = PBXFileReference; lastKnownFileType = sourcecode.swift; path = UIViewControllerExtension.swift; sourceTree = "<group>"; };
		BF80839B29948E8C0019323F /* PokedexiOS.app */ = {isa = PBXFileReference; explicitFileType = wrapper.application; includeInIndex = 0; path = PokedexiOS.app; sourceTree = BUILT_PRODUCTS_DIR; };
		BF80839E29948E8C0019323F /* AppDelegate.swift */ = {isa = PBXFileReference; lastKnownFileType = sourcecode.swift; path = AppDelegate.swift; sourceTree = "<group>"; };
		BF8083A029948E8C0019323F /* SceneDelegate.swift */ = {isa = PBXFileReference; lastKnownFileType = sourcecode.swift; path = SceneDelegate.swift; sourceTree = "<group>"; };
		BF8083A529948E8C0019323F /* Base */ = {isa = PBXFileReference; lastKnownFileType = file.storyboard; name = Base; path = Base.lproj/Main.storyboard; sourceTree = "<group>"; };
		BF8083A729948E8D0019323F /* Assets.xcassets */ = {isa = PBXFileReference; lastKnownFileType = folder.assetcatalog; path = Assets.xcassets; sourceTree = "<group>"; };
		BF8083AA29948E8D0019323F /* Base */ = {isa = PBXFileReference; lastKnownFileType = file.storyboard; name = Base; path = Base.lproj/LaunchScreen.storyboard; sourceTree = "<group>"; };
		BF8083AC29948E8D0019323F /* Info.plist */ = {isa = PBXFileReference; lastKnownFileType = text.plist.xml; path = Info.plist; sourceTree = "<group>"; };
		BF8083B3299492410019323F /* Pokemon.swift */ = {isa = PBXFileReference; lastKnownFileType = sourcecode.swift; path = Pokemon.swift; sourceTree = "<group>"; };
		BF8083B7299493810019323F /* PokemonController.swift */ = {isa = PBXFileReference; lastKnownFileType = sourcecode.swift; path = PokemonController.swift; sourceTree = "<group>"; };
		BF8083BA299494A50019323F /* PokemonError.swift */ = {isa = PBXFileReference; lastKnownFileType = sourcecode.swift; path = PokemonError.swift; sourceTree = "<group>"; };
/* End PBXFileReference section */

/* Begin PBXFrameworksBuildPhase section */
		BF80839829948E8C0019323F /* Frameworks */ = {
			isa = PBXFrameworksBuildPhase;
			buildActionMask = 2147483647;
			files = (
			);
			runOnlyForDeploymentPostprocessing = 0;
		};
/* End PBXFrameworksBuildPhase section */

/* Begin PBXGroup section */
		BF80839229948E8C0019323F = {
			isa = PBXGroup;
			children = (
				BF80839D29948E8C0019323F /* PokedexiOS */,
				BF80839C29948E8C0019323F /* Products */,
			);
			sourceTree = "<group>";
		};
		BF80839C29948E8C0019323F /* Products */ = {
			isa = PBXGroup;
			children = (
				BF80839B29948E8C0019323F /* PokedexiOS.app */,
			);
			name = Products;
			sourceTree = "<group>";
		};
		BF80839D29948E8C0019323F /* PokedexiOS */ = {
			isa = PBXGroup;
			children = (
				BF8083B5299492460019323F /* Model */,
				BF8083B6299493650019323F /* Views */,
				BF8083B9299493860019323F /* Controllers */,
				BF8083BC299494AE0019323F /* Helpers */,
				BF8083B229948EBD0019323F /* Resources */,
				BF8083A429948E8C0019323F /* Main.storyboard */,
			);
			path = PokedexiOS;
			sourceTree = "<group>";
		};
		BF8083B229948EBD0019323F /* Resources */ = {
			isa = PBXGroup;
			children = (
				BF80839E29948E8C0019323F /* AppDelegate.swift */,
				BF8083A029948E8C0019323F /* SceneDelegate.swift */,
				BF8083A729948E8D0019323F /* Assets.xcassets */,
				BF8083A929948E8D0019323F /* LaunchScreen.storyboard */,
				BF8083AC29948E8D0019323F /* Info.plist */,
			);
			path = Resources;
			sourceTree = "<group>";
		};
		BF8083B5299492460019323F /* Model */ = {
			isa = PBXGroup;
			children = (
				BF8083B3299492410019323F /* Pokemon.swift */,
			);
			path = Model;
			sourceTree = "<group>";
		};
		BF8083B6299493650019323F /* Views */ = {
			isa = PBXGroup;
			children = (
				BF1F023329949B6600F095D8 /* PokemonViewController.swift */,
			);
			path = Views;
			sourceTree = "<group>";
		};
		BF8083B9299493860019323F /* Controllers */ = {
			isa = PBXGroup;
			children = (
				BF8083B7299493810019323F /* PokemonController.swift */,
			);
			path = Controllers;
			sourceTree = "<group>";
		};
		BF8083BC299494AE0019323F /* Helpers */ = {
			isa = PBXGroup;
			children = (
				BF8083BA299494A50019323F /* PokemonError.swift */,
				BF1F023529949CE200F095D8 /* UIViewControllerExtension.swift */,
			);
			path = Helpers;
			sourceTree = "<group>";
		};
/* End PBXGroup section */

/* Begin PBXNativeTarget section */
		BF80839A29948E8C0019323F /* PokedexiOS */ = {
			isa = PBXNativeTarget;
			buildConfigurationList = BF8083AF29948E8D0019323F /* Build configuration list for PBXNativeTarget "PokedexiOS" */;
			buildPhases = (
				BF80839729948E8C0019323F /* Sources */,
				BF80839829948E8C0019323F /* Frameworks */,
				BF80839929948E8C0019323F /* Resources */,
			);
			buildRules = (
			);
			dependencies = (
			);
			name = PokedexiOS;
			productName = PokedexiOS;
			productReference = BF80839B29948E8C0019323F /* PokedexiOS.app */;
			productType = "com.apple.product-type.application";
		};
/* End PBXNativeTarget section */

/* Begin PBXProject section */
		BF80839329948E8C0019323F /* Project object */ = {
			isa = PBXProject;
			attributes = {
				BuildIndependentTargetsInParallel = 1;
				LastSwiftUpdateCheck = 1420;
				LastUpgradeCheck = 1420;
				TargetAttributes = {
					BF80839A29948E8C0019323F = {
						CreatedOnToolsVersion = 14.2;
					};
				};
			};
			buildConfigurationList = BF80839629948E8C0019323F /* Build configuration list for PBXProject "PokedexiOS" */;
			compatibilityVersion = "Xcode 14.0";
			developmentRegion = en;
			hasScannedForEncodings = 0;
			knownRegions = (
				en,
				Base,
			);
			mainGroup = BF80839229948E8C0019323F;
			productRefGroup = BF80839C29948E8C0019323F /* Products */;
			projectDirPath = "";
			projectRoot = "";
			targets = (
				BF80839A29948E8C0019323F /* PokedexiOS */,
			);
		};
/* End PBXProject section */

/* Begin PBXResourcesBuildPhase section */
		BF80839929948E8C0019323F /* Resources */ = {
			isa = PBXResourcesBuildPhase;
			buildActionMask = 2147483647;
			files = (
				BF8083AB29948E8D0019323F /* LaunchScreen.storyboard in Resources */,
				BF8083A829948E8D0019323F /* Assets.xcassets in Resources */,
				BF8083A629948E8C0019323F /* Main.storyboard in Resources */,
			);
			runOnlyForDeploymentPostprocessing = 0;
		};
/* End PBXResourcesBuildPhase section */

/* Begin PBXSourcesBuildPhase section */
		BF80839729948E8C0019323F /* Sources */ = {
			isa = PBXSourcesBuildPhase;
			buildActionMask = 2147483647;
			files = (
				BF8083B4299492410019323F /* Pokemon.swift in Sources */,
				BF80839F29948E8C0019323F /* AppDelegate.swift in Sources */,
				BF1F023429949B6600F095D8 /* PokemonViewController.swift in Sources */,
				BF8083A129948E8C0019323F /* SceneDelegate.swift in Sources */,
				BF8083BB299494A50019323F /* PokemonError.swift in Sources */,
				BF1F023629949CE200F095D8 /* UIViewControllerExtension.swift in Sources */,
				BF8083B8299493810019323F /* PokemonController.swift in Sources */,
			);
			runOnlyForDeploymentPostprocessing = 0;
		};
/* End PBXSourcesBuildPhase section */

/* Begin PBXVariantGroup section */
		BF8083A429948E8C0019323F /* Main.storyboard */ = {
			isa = PBXVariantGroup;
			children = (
				BF8083A529948E8C0019323F /* Base */,
			);
			name = Main.storyboard;
			sourceTree = "<group>";
		};
		BF8083A929948E8D0019323F /* LaunchScreen.storyboard */ = {
			isa = PBXVariantGroup;
			children = (
				BF8083AA29948E8D0019323F /* Base */,
			);
			name = LaunchScreen.storyboard;
			sourceTree = "<group>";
		};
/* End PBXVariantGroup section */

/* Begin XCBuildConfiguration section */
		BF8083AD29948E8D0019323F /* Debug */ = {
			isa = XCBuildConfiguration;
			buildSettings = {
				ALWAYS_SEARCH_USER_PATHS = NO;
				CLANG_ANALYZER_NONNULL = YES;
				CLANG_ANALYZER_NUMBER_OBJECT_CONVERSION = YES_AGGRESSIVE;
				CLANG_CXX_LANGUAGE_STANDARD = "gnu++20";
				CLANG_ENABLE_MODULES = YES;
				CLANG_ENABLE_OBJC_ARC = YES;
				CLANG_ENABLE_OBJC_WEAK = YES;
				CLANG_WARN_BLOCK_CAPTURE_AUTORELEASING = YES;
				CLANG_WARN_BOOL_CONVERSION = YES;
				CLANG_WARN_COMMA = YES;
				CLANG_WARN_CONSTANT_CONVERSION = YES;
				CLANG_WARN_DEPRECATED_OBJC_IMPLEMENTATIONS = YES;
				CLANG_WARN_DIRECT_OBJC_ISA_USAGE = YES_ERROR;
				CLANG_WARN_DOCUMENTATION_COMMENTS = YES;
				CLANG_WARN_EMPTY_BODY = YES;
				CLANG_WARN_ENUM_CONVERSION = YES;
				CLANG_WARN_INFINITE_RECURSION = YES;
				CLANG_WARN_INT_CONVERSION = YES;
				CLANG_WARN_NON_LITERAL_NULL_CONVERSION = YES;
				CLANG_WARN_OBJC_IMPLICIT_RETAIN_SELF = YES;
				CLANG_WARN_OBJC_LITERAL_CONVERSION = YES;
				CLANG_WARN_OBJC_ROOT_CLASS = YES_ERROR;
				CLANG_WARN_QUOTED_INCLUDE_IN_FRAMEWORK_HEADER = YES;
				CLANG_WARN_RANGE_LOOP_ANALYSIS = YES;
				CLANG_WARN_STRICT_PROTOTYPES = YES;
				CLANG_WARN_SUSPICIOUS_MOVE = YES;
				CLANG_WARN_UNGUARDED_AVAILABILITY = YES_AGGRESSIVE;
				CLANG_WARN_UNREACHABLE_CODE = YES;
				CLANG_WARN__DUPLICATE_METHOD_MATCH = YES;
				COPY_PHASE_STRIP = NO;
				DEBUG_INFORMATION_FORMAT = dwarf;
				ENABLE_STRICT_OBJC_MSGSEND = YES;
				ENABLE_TESTABILITY = YES;
				GCC_C_LANGUAGE_STANDARD = gnu11;
				GCC_DYNAMIC_NO_PIC = NO;
				GCC_NO_COMMON_BLOCKS = YES;
				GCC_OPTIMIZATION_LEVEL = 0;
				GCC_PREPROCESSOR_DEFINITIONS = (
					"DEBUG=1",
					"$(inherited)",
				);
				GCC_WARN_64_TO_32_BIT_CONVERSION = YES;
				GCC_WARN_ABOUT_RETURN_TYPE = YES_ERROR;
				GCC_WARN_UNDECLARED_SELECTOR = YES;
				GCC_WARN_UNINITIALIZED_AUTOS = YES_AGGRESSIVE;
				GCC_WARN_UNUSED_FUNCTION = YES;
				GCC_WARN_UNUSED_VARIABLE = YES;
				IPHONEOS_DEPLOYMENT_TARGET = 16.2;
				MTL_ENABLE_DEBUG_INFO = INCLUDE_SOURCE;
				MTL_FAST_MATH = YES;
				ONLY_ACTIVE_ARCH = YES;
				SDKROOT = iphoneos;
				SWIFT_ACTIVE_COMPILATION_CONDITIONS = DEBUG;
				SWIFT_OPTIMIZATION_LEVEL = "-Onone";
			};
			name = Debug;
		};
		BF8083AE29948E8D0019323F /* Release */ = {
			isa = XCBuildConfiguration;
			buildSettings = {
				ALWAYS_SEARCH_USER_PATHS = NO;
				CLANG_ANALYZER_NONNULL = YES;
				CLANG_ANALYZER_NUMBER_OBJECT_CONVERSION = YES_AGGRESSIVE;
				CLANG_CXX_LANGUAGE_STANDARD = "gnu++20";
				CLANG_ENABLE_MODULES = YES;
				CLANG_ENABLE_OBJC_ARC = YES;
				CLANG_ENABLE_OBJC_WEAK = YES;
				CLANG_WARN_BLOCK_CAPTURE_AUTORELEASING = YES;
				CLANG_WARN_BOOL_CONVERSION = YES;
				CLANG_WARN_COMMA = YES;
				CLANG_WARN_CONSTANT_CONVERSION = YES;
				CLANG_WARN_DEPRECATED_OBJC_IMPLEMENTATIONS = YES;
				CLANG_WARN_DIRECT_OBJC_ISA_USAGE = YES_ERROR;
				CLANG_WARN_DOCUMENTATION_COMMENTS = YES;
				CLANG_WARN_EMPTY_BODY = YES;
				CLANG_WARN_ENUM_CONVERSION = YES;
				CLANG_WARN_INFINITE_RECURSION = YES;
				CLANG_WARN_INT_CONVERSION = YES;
				CLANG_WARN_NON_LITERAL_NULL_CONVERSION = YES;
				CLANG_WARN_OBJC_IMPLICIT_RETAIN_SELF = YES;
				CLANG_WARN_OBJC_LITERAL_CONVERSION = YES;
				CLANG_WARN_OBJC_ROOT_CLASS = YES_ERROR;
				CLANG_WARN_QUOTED_INCLUDE_IN_FRAMEWORK_HEADER = YES;
				CLANG_WARN_RANGE_LOOP_ANALYSIS = YES;
				CLANG_WARN_STRICT_PROTOTYPES = YES;
				CLANG_WARN_SUSPICIOUS_MOVE = YES;
				CLANG_WARN_UNGUARDED_AVAILABILITY = YES_AGGRESSIVE;
				CLANG_WARN_UNREACHABLE_CODE = YES;
				CLANG_WARN__DUPLICATE_METHOD_MATCH = YES;
				COPY_PHASE_STRIP = NO;
				DEBUG_INFORMATION_FORMAT = "dwarf-with-dsym";
				ENABLE_NS_ASSERTIONS = NO;
				ENABLE_STRICT_OBJC_MSGSEND = YES;
				GCC_C_LANGUAGE_STANDARD = gnu11;
				GCC_NO_COMMON_BLOCKS = YES;
				GCC_WARN_64_TO_32_BIT_CONVERSION = YES;
				GCC_WARN_ABOUT_RETURN_TYPE = YES_ERROR;
				GCC_WARN_UNDECLARED_SELECTOR = YES;
				GCC_WARN_UNINITIALIZED_AUTOS = YES_AGGRESSIVE;
				GCC_WARN_UNUSED_FUNCTION = YES;
				GCC_WARN_UNUSED_VARIABLE = YES;
				IPHONEOS_DEPLOYMENT_TARGET = 16.2;
				MTL_ENABLE_DEBUG_INFO = NO;
				MTL_FAST_MATH = YES;
				SDKROOT = iphoneos;
				SWIFT_COMPILATION_MODE = wholemodule;
				SWIFT_OPTIMIZATION_LEVEL = "-O";
				VALIDATE_PRODUCT = YES;
			};
			name = Release;
		};
		BF8083B029948E8D0019323F /* Debug */ = {
			isa = XCBuildConfiguration;
			buildSettings = {
				ASSETCATALOG_COMPILER_APPICON_NAME = AppIcon;
				ASSETCATALOG_COMPILER_GLOBAL_ACCENT_COLOR_NAME = AccentColor;
				CODE_SIGN_STYLE = Automatic;
				CURRENT_PROJECT_VERSION = 1;
				DEVELOPMENT_TEAM = NJ3Y4LJ7H6;
				GENERATE_INFOPLIST_FILE = YES;
				INFOPLIST_FILE = PokedexiOS/Resources/Info.plist;
				INFOPLIST_KEY_UIApplicationSupportsIndirectInputEvents = YES;
				INFOPLIST_KEY_UILaunchStoryboardName = LaunchScreen;
				INFOPLIST_KEY_UIMainStoryboardFile = Main;
				INFOPLIST_KEY_UISupportedInterfaceOrientations_iPad = "UIInterfaceOrientationPortrait UIInterfaceOrientationPortraitUpsideDown UIInterfaceOrientationLandscapeLeft UIInterfaceOrientationLandscapeRight";
				INFOPLIST_KEY_UISupportedInterfaceOrientations_iPhone = "UIInterfaceOrientationPortrait UIInterfaceOrientationLandscapeLeft UIInterfaceOrientationLandscapeRight";
				LD_RUNPATH_SEARCH_PATHS = (
					"$(inherited)",
					"@executable_path/Frameworks",
				);
				MARKETING_VERSION = 1.0;
				PRODUCT_BUNDLE_IDENTIFIER = com.Andrew.PokedexiOS;
				PRODUCT_NAME = "$(TARGET_NAME)";
				SWIFT_EMIT_LOC_STRINGS = YES;
				SWIFT_VERSION = 5.0;
				TARGETED_DEVICE_FAMILY = "1,2";
			};
			name = Debug;
		};
		BF8083B129948E8D0019323F /* Release */ = {
			isa = XCBuildConfiguration;
			buildSettings = {
				ASSETCATALOG_COMPILER_APPICON_NAME = AppIcon;
				ASSETCATALOG_COMPILER_GLOBAL_ACCENT_COLOR_NAME = AccentColor;
				CODE_SIGN_STYLE = Automatic;
				CURRENT_PROJECT_VERSION = 1;
				DEVELOPMENT_TEAM = NJ3Y4LJ7H6;
				GENERATE_INFOPLIST_FILE = YES;
				INFOPLIST_FILE = PokedexiOS/Resources/Info.plist;
				INFOPLIST_KEY_UIApplicationSupportsIndirectInputEvents = YES;
				INFOPLIST_KEY_UILaunchStoryboardName = LaunchScreen;
				INFOPLIST_KEY_UIMainStoryboardFile = Main;
				INFOPLIST_KEY_UISupportedInterfaceOrientations_iPad = "UIInterfaceOrientationPortrait UIInterfaceOrientationPortraitUpsideDown UIInterfaceOrientationLandscapeLeft UIInterfaceOrientationLandscapeRight";
				INFOPLIST_KEY_UISupportedInterfaceOrientations_iPhone = "UIInterfaceOrientationPortrait UIInterfaceOrientationLandscapeLeft UIInterfaceOrientationLandscapeRight";
				LD_RUNPATH_SEARCH_PATHS = (
					"$(inherited)",
					"@executable_path/Frameworks",
				);
				MARKETING_VERSION = 1.0;
				PRODUCT_BUNDLE_IDENTIFIER = com.Andrew.PokedexiOS;
				PRODUCT_NAME = "$(TARGET_NAME)";
				SWIFT_EMIT_LOC_STRINGS = YES;
				SWIFT_VERSION = 5.0;
				TARGETED_DEVICE_FAMILY = "1,2";
			};
			name = Release;
		};
/* End XCBuildConfiguration section */

/* Begin XCConfigurationList section */
		BF80839629948E8C0019323F /* Build configuration list for PBXProject "PokedexiOS" */ = {
			isa = XCConfigurationList;
			buildConfigurations = (
				BF8083AD29948E8D0019323F /* Debug */,
				BF8083AE29948E8D0019323F /* Release */,
			);
			defaultConfigurationIsVisible = 0;
			defaultConfigurationName = Release;
		};
		BF8083AF29948E8D0019323F /* Build configuration list for PBXNativeTarget "PokedexiOS" */ = {
			isa = XCConfigurationList;
			buildConfigurations = (
				BF8083B029948E8D0019323F /* Debug */,
				BF8083B129948E8D0019323F /* Release */,
			);
			defaultConfigurationIsVisible = 0;
			defaultConfigurationName = Release;
		};
/* End XCConfigurationList section */
	};
	rootObject = BF80839329948E8C0019323F /* Project object */;
}
